
Microsoft Visual Studio Solution File, Format Version 9.00
# Visual Studio 2005
Project("{8BC9CEB8-8B4A-11D0-8D11-00A0C91BC942}") = "api", "api\api.vcproj", "{25C5E793-A59D-4A86-9775-6134369C59E3}"
EndProject
Project("{8BC9CEB8-8B4A-11D0-8D11-00A0C91BC942}") = "hcl", "hcl\hcl.vcproj", "{52563A65-D338-44A1-BF63-5DE0B7A9840B}"
	ProjectSection(ProjectDependencies) = postProject
		{7B8BC5AF-F3A9-4A12-8572-1BCAD0A1F916} = {7B8BC5AF-F3A9-4A12-8572-1BCAD0A1F916}
		{25C5E793-A59D-4A86-9775-6134369C59E3} = {25C5E793-A59D-4A86-9775-6134369C59E3}
		{A7EF957F-716C-4113-8825-A59A827C33C0} = {A7EF957F-716C-4113-8825-A59A827C33C0}
	EndProjectSection
EndProject
Project("{8BC9CEB8-8B4A-11D0-8D11-00A0C91BC942}") = "os", "os\os.vcproj", "{A7EF957F-716C-4113-8825-A59A827C33C0}"
	ProjectSection(ProjectDependencies) = postProject
		{E6D7B168-72E3-4577-8B42-FC93DBB2386C} = {E6D7B168-72E3-4577-8B42-FC93DBB2386C}
	EndProjectSection
EndProject
Project("{8BC9CEB8-8B4A-11D0-8D11-00A0C91BC942}") = "pcibridge", "pcibridge\pcibridge.vcproj", "{E6D7B168-72E3-4577-8B42-FC93DBB2386C}"
EndProject
Project("{8BC9CEB8-8B4A-11D0-8D11-00A0C91BC942}") = "usbbridge", "usbbridge\usbbridge.vcproj", "{7B8BC5AF-F3A9-4A12-8572-1BCAD0A1F916}"
EndProject
Project("{8BC9CEB8-8B4A-11D0-8D11-00A0C91BC942}") = "seaux", "seaux\seaux.vcproj", "{78C7D8D7-135D-4DA4-9157-89C3F7CDEB44}"
EndProject
Project("{2150E333-8FDC-42A3-9474-1A3956D46DE8}") = "Libraries", "Libraries", "{FD804DA6-F35D-420D-A954-4B9DEE426DE3}"
EndProject
Project("{8BC9CEB8-8B4A-11D0-8D11-00A0C91BC942}") = "testdisplay", "samples\testdisplay\testdisplay.vcproj", "{76984515-9720-49A6-92E3-F5ECB15B3471}"
	ProjectSection(ProjectDependencies) = postProject
		{78C7D8D7-135D-4DA4-9157-89C3F7CDEB44} = {78C7D8D7-135D-4DA4-9157-89C3F7CDEB44}
		{52563A65-D338-44A1-BF63-5DE0B7A9840B} = {52563A65-D338-44A1-BF63-5DE0B7A9840B}
	EndProjectSection
EndProject
Project("{8BC9CEB8-8B4A-11D0-8D11-00A0C91BC942}") = "testhcl", "samples\testhcl\testhcl.vcproj", "{DBF80881-603C-40B7-80FE-753571C07750}"
	ProjectSection(ProjectDependencies) = postProject
		{52563A65-D338-44A1-BF63-5DE0B7A9840B} = {52563A65-D338-44A1-BF63-5DE0B7A9840B}
	EndProjectSection
EndProject
Project("{8BC9CEB8-8B4A-11D0-8D11-00A0C91BC942}") = "testinit", "samples\testinit\testinit.vcproj", "{3475E3B9-E2BD-4586-AC1E-45154C9CABEE}"
	ProjectSection(ProjectDependencies) = postProject
		{52563A65-D338-44A1-BF63-5DE0B7A9840B} = {52563A65-D338-44A1-BF63-5DE0B7A9840B}
	EndProjectSection
EndProject
Global
	GlobalSection(SolutionConfigurationPlatforms) = preSolution
		Debug|Win32 = Debug|Win32
		Release|Win32 = Release|Win32
	EndGlobalSection
	GlobalSection(ProjectConfigurationPlatforms) = postSolution
		{25C5E793-A59D-4A86-9775-6134369C59E3}.Debug|Win32.ActiveCfg = Debug|Win32
		{25C5E793-A59D-4A86-9775-6134369C59E3}.Debug|Win32.Build.0 = Debug|Win32
		{25C5E793-A59D-4A86-9775-6134369C59E3}.Release|Win32.ActiveCfg = Release|Win32
		{25C5E793-A59D-4A86-9775-6134369C59E3}.Release|Win32.Build.0 = Release|Win32
		{52563A65-D338-44A1-BF63-5DE0B7A9840B}.Debug|Win32.ActiveCfg = Debug|Win32
		{52563A65-D338-44A1-BF63-5DE0B7A9840B}.Debug|Win32.Build.0 = Debug|Win32
		{52563A65-D338-44A1-BF63-5DE0B7A9840B}.Release|Win32.ActiveCfg = Release|Win32
		{52563A65-D338-44A1-BF63-5DE0B7A9840B}.Release|Win32.Build.0 = Release|Win32
		{A7EF957F-716C-4113-8825-A59A827C33C0}.Debug|Win32.ActiveCfg = Debug|Win32
		{A7EF957F-716C-4113-8825-A59A827C33C0}.Debug|Win32.Build.0 = Debug|Win32
		{A7EF957F-716C-4113-8825-A59A827C33C0}.Release|Win32.ActiveCfg = Release|Win32
		{A7EF957F-716C-4113-8825-A59A827C33C0}.Release|Win32.Build.0 = Release|Win32
		{E6D7B168-72E3-4577-8B42-FC93DBB2386C}.Debug|Win32.ActiveCfg = Debug|Win32
		{E6D7B168-72E3-4577-8B42-FC93DBB2386C}.Debug|Win32.Build.0 = Debug|Win32
		{E6D7B168-72E3-4577-8B42-FC93DBB2386C}.Release|Win32.ActiveCfg = Release|Win32
		{E6D7B168-72E3-4577-8B42-FC93DBB2386C}.Release|Win32.Build.0 = Release|Win32
		{7B8BC5AF-F3A9-4A12-8572-1BCAD0A1F916}.Debug|Win32.ActiveCfg = Debug|Win32
		{7B8BC5AF-F3A9-4A12-8572-1BCAD0A1F916}.Debug|Win32.Build.0 = Debug|Win32
		{7B8BC5AF-F3A9-4A12-8572-1BCAD0A1F916}.Release|Win32.ActiveCfg = Release|Win32
		{7B8BC5AF-F3A9-4A12-8572-1BCAD0A1F916}.Release|Win32.Build.0 = Release|Win32
		{78C7D8D7-135D-4DA4-9157-89C3F7CDEB44}.Debug|Win32.ActiveCfg = Debug|Win32
		{78C7D8D7-135D-4DA4-9157-89C3F7CDEB44}.Debug|Win32.Build.0 = Debug|Win32
		{78C7D8D7-135D-4DA4-9157-89C3F7CDEB44}.Release|Win32.ActiveCfg = Release|Win32
		{78C7D8D7-135D-4DA4-9157-89C3F7CDEB44}.Release|Win32.Build.0 = Release|Win32
		{76984515-9720-49A6-92E3-F5ECB15B3471}.Debug|Win32.ActiveCfg = Debug|Win32
		{76984515-9720-49A6-92E3-F5ECB15B3471}.Debug|Win32.Build.0 = Debug|Win32
		{76984515-9720-49A6-92E3-F5ECB15B3471}.Release|Win32.ActiveCfg = Release|Win32
		{76984515-9720-49A6-92E3-F5ECB15B3471}.Release|Win32.Build.0 = Release|Win32
		{DBF80881-603C-40B7-80FE-753571C07750}.Debug|Win32.ActiveCfg = Debug|Win32
		{DBF80881-603C-40B7-80FE-753571C07750}.Debug|Win32.Build.0 = Debug|Win32
		{DBF80881-603C-40B7-80FE-753571C07750}.Release|Win32.ActiveCfg = Release|Win32
		{DBF80881-603C-40B7-80FE-753571C07750}.Release|Win32.Build.0 = Release|Win32
		{3475E3B9-E2BD-4586-AC1E-45154C9CABEE}.Debug|Win32.ActiveCfg = Debug|Win32
		{3475E3B9-E2BD-4586-AC1E-45154C9CABEE}.Debug|Win32.Build.0 = Debug|Win32
		{3475E3B9-E2BD-4586-AC1E-45154C9CABEE}.Release|Win32.ActiveCfg = Release|Win32
		{3475E3B9-E2BD-4586-AC1E-45154C9CABEE}.Release|Win32.Build.0 = Release|Win32
	EndGlobalSection
	GlobalSection(SolutionProperties) = preSolution
		HideSolutionNode = FALSE
	EndGlobalSection
	GlobalSection(NestedProjects) = preSolution
		{52563A65-D338-44A1-BF63-5DE0B7A9840B} = {FD804DA6-F35D-420D-A954-4B9DEE426DE3}
		{A7EF957F-716C-4113-8825-A59A827C33C0} = {FD804DA6-F35D-420D-A954-4B9DEE426DE3}
		{E6D7B168-72E3-4577-8B42-FC93DBB2386C} = {FD804DA6-F35D-420D-A954-4B9DEE426DE3}
		{7B8BC5AF-F3A9-4A12-8572-1BCAD0A1F916} = {FD804DA6-F35D-420D-A954-4B9DEE426DE3}
		{78C7D8D7-135D-4DA4-9157-89C3F7CDEB44} = {FD804DA6-F35D-420D-A954-4B9DEE426DE3}
		{25C5E793-A59D-4A86-9775-6134369C59E3} = {FD804DA6-F35D-420D-A954-4B9DEE426DE3}
	EndGlobalSection
EndGlobal
