<?xml version="1.0" encoding="utf-8"?>
<Project ToolsVersion="4.0" xmlns="http://schemas.microsoft.com/developer/msbuild/2003">
  <ItemGroup>
    <Filter Include="Source Files">
      <UniqueIdentifier>{d7ebc289-0ca6-474d-be58-84e9a206730d}</UniqueIdentifier>
    </Filter>
    <Filter Include="Header Files">
      <UniqueIdentifier>{636253b2-19cc-4b96-be04-9072f14cd88d}</UniqueIdentifier>
      <Extensions>h</Extensions>
    </Filter>
  </ItemGroup>
  <ItemGroup>
    <ClCompile Include="cscl.c">
      <Filter>Source Files</Filter>
    </ClCompile>
    <ClCompile Include="usb_transport.c">
      <Filter>Source Files</Filter>
    </ClCompile>
    <ClCompile Include="usbibridge.c">
      <Filter>Source Files</Filter>
    </ClCompile>
  </ItemGroup>
  <ItemGroup>
    <ClInclude Include="..\cscl.h">
      <Filter>Header Files</Filter>
    </ClInclude>
    <ClInclude Include="ezusbsys.h">
      <Filter>Header Files</Filter>
    </ClInclude>
    <ClInclude Include="usb_transport.h">
      <Filter>Header Files</Filter>
    </ClInclude>
    <ClInclude Include="usbbridge.h">
      <Filter>Header Files</Filter>
    </ClInclude>
  </ItemGroup>
</Project>