<?xml version="1.0" encoding="utf-8"?>
<Project ToolsVersion="4.0" xmlns="http://schemas.microsoft.com/developer/msbuild/2003">
  <ItemGroup>
    <Filter Include="Source Files">
      <UniqueIdentifier>{798a6d07-2847-4dbe-b609-cf10aca2488f}</UniqueIdentifier>
      <Extensions>cpp;c;cxx;rc;def;r;odl;idl;hpj;bat</Extensions>
    </Filter>
    <Filter Include="Header Files">
      <UniqueIdentifier>{800db7f6-9a87-4301-98a3-344dcf35d1da}</UniqueIdentifier>
      <Extensions>h;hpp;hxx;hm;inl</Extensions>
    </Filter>
  </ItemGroup>
  <ItemGroup>
    <ClCompile Include="draw.c">
      <Filter>Source Files</Filter>
    </ClCompile>
  </ItemGroup>
  <ItemGroup>
    <ClInclude Include="..\include\constants.h">
      <Filter>Header Files</Filter>
    </ClInclude>
    <ClInclude Include="..\include\datatype.h">
      <Filter>Header Files</Filter>
    </ClInclude>
    <ClInclude Include="..\include\display.h">
      <Filter>Header Files</Filter>
    </ClInclude>
    <ClInclude Include="..\include\hcl.h">
      <Filter>Header Files</Filter>
    </ClInclude>
    <ClInclude Include="..\include\os.h">
      <Filter>Header Files</Filter>
    </ClInclude>
    <ClInclude Include="..\include\registers.h">
      <Filter>Header Files</Filter>
    </ClInclude>
    <ClInclude Include="..\include\seaux.h">
      <Filter>Header Files</Filter>
    </ClInclude>
    <ClInclude Include="..\include\settings.h">
      <Filter>Header Files</Filter>
    </ClInclude>
  </ItemGroup>
</Project>