<?xml version="1.0" encoding="utf-8"?>
<Project ToolsVersion="4.0" xmlns="http://schemas.microsoft.com/developer/msbuild/2003">
  <ItemGroup>
    <Filter Include="Source Files">
      <UniqueIdentifier>{80ed5cfa-a466-43f3-b9ea-e0fee438e628}</UniqueIdentifier>
      <Extensions>cpp;c;cxx;rc;def;r;odl;idl;hpj;bat</Extensions>
    </Filter>
    <Filter Include="Header Files">
      <UniqueIdentifier>{d9c58e62-e6dc-4a2b-b238-5f1802d19314}</UniqueIdentifier>
      <Extensions>h;hpp;hxx;hm;inl</Extensions>
    </Filter>
  </ItemGroup>
  <ItemGroup>
    <ClCompile Include="os.c">
      <Filter>Source Files</Filter>
    </ClCompile>
  </ItemGroup>
  <ItemGroup>
    <ClInclude Include="..\include\datatype.h">
      <Filter>Header Files</Filter>
    </ClInclude>
    <ClInclude Include="..\include\os.h">
      <Filter>Header Files</Filter>
    </ClInclude>
    <ClInclude Include="..\include\pcibridge.h">
      <Filter>Header Files</Filter>
    </ClInclude>
    <ClInclude Include="..\include\settings.h">
      <Filter>Header Files</Filter>
    </ClInclude>
  </ItemGroup>
</Project>